
Microsoft Visual Studio Solution File, Format Version 12.00
# Visual Studio Version 17
VisualStudioVersion = 17.4.33122.133
MinimumVisualStudioVersion = 10.0.40219.1
Project("{FAE04EC0-301F-11D3-BF4B-00C04F79EFBC}") = "Molla-Register", "Molla-Register\Molla-Register.csproj", "{C23768DF-91CC-445B-BC4E-470F44C83A1B}"
EndProject
Global
	GlobalSection(SolutionConfigurationPlatforms) = preSolution
		Debug|Any CPU = Debug|Any CPU
		Release|Any CPU = Release|Any CPU
	EndGlobalSection
	GlobalSection(ProjectConfigurationPlatforms) = postSolution
		{C23768DF-91CC-445B-BC4E-470F44C83A1B}.Debug|Any CPU.ActiveCfg = Debug|Any CPU
		{C23768DF-91CC-445B-BC4E-470F44C83A1B}.Debug|Any CPU.Build.0 = Debug|Any CPU
		{C23768DF-91CC-445B-BC4E-470F44C83A1B}.Release|Any CPU.ActiveCfg = Release|Any CPU
		{C23768DF-91CC-445B-BC4E-470F44C83A1B}.Release|Any CPU.Build.0 = Release|Any CPU
	EndGlobalSection
	GlobalSection(SolutionProperties) = preSolution
		HideSolutionNode = FALSE
	EndGlobalSection
	GlobalSection(ExtensibilityGlobals) = postSolution
		SolutionGuid = {3AE49B53-9E53-4B47-88A0-DF4554BD52E0}
	EndGlobalSection
EndGlobal
